
Microsoft Visual Studio Solution File, Format Version 12.00
# Visual Studio Version 16
VisualStudioVersion = 16.0.31205.134
MinimumVisualStudioVersion = 10.0.40219.1
Project("{9A19103F-16F7-4668-BE54-9A1E7A4F7556}") = "Gerene.Gnre.Demo", "Gerene.Gnre.Demo\Gerene.Gnre.Demo.csproj", "{6613091A-C559-450B-A593-F9E929E42EE7}"
EndProject
Project("{9A19103F-16F7-4668-BE54-9A1E7A4F7556}") = "Gerene.Gnre", "Gerene.Gnre\Gerene.Gnre.csproj", "{965CFEBD-A612-4C0A-BA4F-9B30237712AA}"
EndProject
Global
	GlobalSection(SolutionConfigurationPlatforms) = preSolution
		Debug|Any CPU = Debug|Any CPU
		Release|Any CPU = Release|Any CPU
	EndGlobalSection
	GlobalSection(ProjectConfigurationPlatforms) = postSolution
		{6613091A-C559-450B-A593-F9E929E42EE7}.Debug|Any CPU.ActiveCfg = Debug|Any CPU
		{6613091A-C559-450B-A593-F9E929E42EE7}.Debug|Any CPU.Build.0 = Debug|Any CPU
		{6613091A-C559-450B-A593-F9E929E42EE7}.Release|Any CPU.ActiveCfg = Release|Any CPU
		{6613091A-C559-450B-A593-F9E929E42EE7}.Release|Any CPU.Build.0 = Release|Any CPU
		{965CFEBD-A612-4C0A-BA4F-9B30237712AA}.Debug|Any CPU.ActiveCfg = Debug|Any CPU
		{965CFEBD-A612-4C0A-BA4F-9B30237712AA}.Debug|Any CPU.Build.0 = Debug|Any CPU
		{965CFEBD-A612-4C0A-BA4F-9B30237712AA}.Release|Any CPU.ActiveCfg = Release|Any CPU
		{965CFEBD-A612-4C0A-BA4F-9B30237712AA}.Release|Any CPU.Build.0 = Release|Any CPU
	EndGlobalSection
	GlobalSection(SolutionProperties) = preSolution
		HideSolutionNode = FALSE
	EndGlobalSection
	GlobalSection(ExtensibilityGlobals) = postSolution
		SolutionGuid = {92B70E7C-AD5E-49D9-A45D-E3040BD1C402}
	EndGlobalSection
EndGlobal
